
Microsoft Visual Studio Solution File, Format Version 12.00
# Visual Studio Version 16
VisualStudioVersion = 16.0.31313.79
MinimumVisualStudioVersion = 10.0.40219.1
Project("{FAE04EC0-301F-11D3-BF4B-00C04F79EFBC}") = "SoccerStats", "SoccerStats\SoccerStats.csproj", "{A1A32289-D131-4ADB-BE9A-AB86A313BB94}"
EndProject
Global
	GlobalSection(SolutionConfigurationPlatforms) = preSolution
		Debug|Any CPU = Debug|Any CPU
		Release|Any CPU = Release|Any CPU
	EndGlobalSection
	GlobalSection(ProjectConfigurationPlatforms) = postSolution
		{A1A32289-D131-4ADB-BE9A-AB86A313BB94}.Debug|Any CPU.ActiveCfg = Debug|Any CPU
		{A1A32289-D131-4ADB-BE9A-AB86A313BB94}.Debug|Any CPU.Build.0 = Debug|Any CPU
		{A1A32289-D131-4ADB-BE9A-AB86A313BB94}.Release|Any CPU.ActiveCfg = Release|Any CPU
		{A1A32289-D131-4ADB-BE9A-AB86A313BB94}.Release|Any CPU.Build.0 = Release|Any CPU
	EndGlobalSection
	GlobalSection(SolutionProperties) = preSolution
		HideSolutionNode = FALSE
	EndGlobalSection
	GlobalSection(ExtensibilityGlobals) = postSolution
		SolutionGuid = {881F4C91-8715-4B6C-9B85-5C5D519EA4E5}
	EndGlobalSection
EndGlobal
